// !$*UTF8*$!
{
	archiveVersion = 1;
	classes = {
	};
	objectVersion = 55;
	objects = {

/* Begin PBXBuildFile section */
		768C4EB0C11EBA8F8DB45ADF /* Pods_Clean_Game.framework in Frameworks */ = {isa = PBXBuildFile; fileRef = AC9A17BA6459E934893E8832 /* Pods_Clean_Game.framework */; };
		902883B22736AB8100F98DED /* AppDelegate.swift in Sources */ = {isa = PBXBuildFile; fileRef = 902883B12736AB8100F98DED /* AppDelegate.swift */; };
		902883B42736AB8100F98DED /* SceneDelegate.swift in Sources */ = {isa = PBXBuildFile; fileRef = 902883B32736AB8100F98DED /* SceneDelegate.swift */; };
		902883BB2736AB8300F98DED /* Assets.xcassets in Resources */ = {isa = PBXBuildFile; fileRef = 902883BA2736AB8300F98DED /* Assets.xcassets */; };
		902883BE2736AB8300F98DED /* LaunchScreen.storyboard in Resources */ = {isa = PBXBuildFile; fileRef = 902883BC2736AB8300F98DED /* LaunchScreen.storyboard */; };
		902883D12736B49200F98DED /* DetailGameContract.swift in Sources */ = {isa = PBXBuildFile; fileRef = 902883CC2736B49100F98DED /* DetailGameContract.swift */; };
		902883D22736B49200F98DED /* DetailGamePresenter.swift in Sources */ = {isa = PBXBuildFile; fileRef = 902883CD2736B49100F98DED /* DetailGamePresenter.swift */; };
		902883D32736B49200F98DED /* DetailGameRouter.swift in Sources */ = {isa = PBXBuildFile; fileRef = 902883CE2736B49100F98DED /* DetailGameRouter.swift */; };
		902883D42736B49200F98DED /* DetailGameViewController.swift in Sources */ = {isa = PBXBuildFile; fileRef = 902883CF2736B49100F98DED /* DetailGameViewController.swift */; };
		902883D52736B49200F98DED /* DetailGameInteractor.swift in Sources */ = {isa = PBXBuildFile; fileRef = 902883D02736B49100F98DED /* DetailGameInteractor.swift */; };
		902883DB2736B4AD00F98DED /* AboutContract.swift in Sources */ = {isa = PBXBuildFile; fileRef = 902883D62736B4AD00F98DED /* AboutContract.swift */; };
		902883DC2736B4AD00F98DED /* AboutPresenter.swift in Sources */ = {isa = PBXBuildFile; fileRef = 902883D72736B4AD00F98DED /* AboutPresenter.swift */; };
		902883DD2736B4AD00F98DED /* AboutRouter.swift in Sources */ = {isa = PBXBuildFile; fileRef = 902883D82736B4AD00F98DED /* AboutRouter.swift */; };
		902883DE2736B4AD00F98DED /* AboutViewController.swift in Sources */ = {isa = PBXBuildFile; fileRef = 902883D92736B4AD00F98DED /* AboutViewController.swift */; };
		902883DF2736B4AD00F98DED /* AboutInteractor.swift in Sources */ = {isa = PBXBuildFile; fileRef = 902883DA2736B4AD00F98DED /* AboutInteractor.swift */; };
		902883E52736B4BD00F98DED /* HomeContract.swift in Sources */ = {isa = PBXBuildFile; fileRef = 902883E02736B4BD00F98DED /* HomeContract.swift */; };
		902883E62736B4BD00F98DED /* HomePresenter.swift in Sources */ = {isa = PBXBuildFile; fileRef = 902883E12736B4BD00F98DED /* HomePresenter.swift */; };
		902883E72736B4BD00F98DED /* HomeRouter.swift in Sources */ = {isa = PBXBuildFile; fileRef = 902883E22736B4BD00F98DED /* HomeRouter.swift */; };
		902883E82736B4BD00F98DED /* HomeViewController.swift in Sources */ = {isa = PBXBuildFile; fileRef = 902883E32736B4BD00F98DED /* HomeViewController.swift */; };
		902883E92736B4BD00F98DED /* HomeInteractor.swift in Sources */ = {isa = PBXBuildFile; fileRef = 902883E42736B4BD00F98DED /* HomeInteractor.swift */; };
		902883EF2736B4E400F98DED /* FavoriteContract.swift in Sources */ = {isa = PBXBuildFile; fileRef = 902883EA2736B4E400F98DED /* FavoriteContract.swift */; };
		902883F02736B4E400F98DED /* FavoritePresenter.swift in Sources */ = {isa = PBXBuildFile; fileRef = 902883EB2736B4E400F98DED /* FavoritePresenter.swift */; };
		902883F12736B4E400F98DED /* FavoriteRouter.swift in Sources */ = {isa = PBXBuildFile; fileRef = 902883EC2736B4E400F98DED /* FavoriteRouter.swift */; };
		902883F22736B4E400F98DED /* FavoriteViewController.swift in Sources */ = {isa = PBXBuildFile; fileRef = 902883ED2736B4E400F98DED /* FavoriteViewController.swift */; };
		902883F32736B4E400F98DED /* FavoriteInteractor.swift in Sources */ = {isa = PBXBuildFile; fileRef = 902883EE2736B4E400F98DED /* FavoriteInteractor.swift */; };
		902883FA2736BC0200F98DED /* ModuleInjection.swift in Sources */ = {isa = PBXBuildFile; fileRef = 902883F92736BC0200F98DED /* ModuleInjection.swift */; };
		902883FC2736BF5B00F98DED /* EndpointProtocol.swift in Sources */ = {isa = PBXBuildFile; fileRef = 902883FB2736BF5B00F98DED /* EndpointProtocol.swift */; };
		902883FE2736C03F00F98DED /* Endpoints.swift in Sources */ = {isa = PBXBuildFile; fileRef = 902883FD2736C03F00F98DED /* Endpoints.swift */; };
		902884002736C11900F98DED /* CleanGame-Info.plist in Resources */ = {isa = PBXBuildFile; fileRef = 902883FF2736C11900F98DED /* CleanGame-Info.plist */; };
		902884022736C17E00F98DED /* PListUtil.swift in Sources */ = {isa = PBXBuildFile; fileRef = 902884012736C17E00F98DED /* PListUtil.swift */; };
		902884092736C62D00F98DED /* DashboardContract.swift in Sources */ = {isa = PBXBuildFile; fileRef = 902884042736C62D00F98DED /* DashboardContract.swift */; };
		9028840A2736C62D00F98DED /* DashboardPresenter.swift in Sources */ = {isa = PBXBuildFile; fileRef = 902884052736C62D00F98DED /* DashboardPresenter.swift */; };
		9028840B2736C62D00F98DED /* DashboardRouter.swift in Sources */ = {isa = PBXBuildFile; fileRef = 902884062736C62D00F98DED /* DashboardRouter.swift */; };
		9028840C2736C62D00F98DED /* DashboardViewController.swift in Sources */ = {isa = PBXBuildFile; fileRef = 902884072736C62D00F98DED /* DashboardViewController.swift */; };
		9028840D2736C62D00F98DED /* DashboardInteractor.swift in Sources */ = {isa = PBXBuildFile; fileRef = 902884082736C62D00F98DED /* DashboardInteractor.swift */; };
		9087C1E2273982B60094254A /* RemoteDataSource.swift in Sources */ = {isa = PBXBuildFile; fileRef = 9087C1E1273982B60094254A /* RemoteDataSource.swift */; };
		90C47ADD273AA50100DF8AD3 /* RemoteManager.swift in Sources */ = {isa = PBXBuildFile; fileRef = 90C47ADC273AA50100DF8AD3 /* RemoteManager.swift */; };
		90C47ADF273AA62D00DF8AD3 /* CustomError.swift in Sources */ = {isa = PBXBuildFile; fileRef = 90C47ADE273AA62D00DF8AD3 /* CustomError.swift */; };
		90C47AE1273AA87F00DF8AD3 /* RemoteLogger.swift in Sources */ = {isa = PBXBuildFile; fileRef = 90C47AE0273AA87F00DF8AD3 /* RemoteLogger.swift */; };
		90C47AE3273AAFFD00DF8AD3 /* Result.swift in Sources */ = {isa = PBXBuildFile; fileRef = 90C47AE2273AAFFD00DF8AD3 /* Result.swift */; };
		90C47AE5273AB08700DF8AD3 /* BaseResponse.swift in Sources */ = {isa = PBXBuildFile; fileRef = 90C47AE4273AB08700DF8AD3 /* BaseResponse.swift */; };
		90C47AE8273AB34000DF8AD3 /* GameRepository.swift in Sources */ = {isa = PBXBuildFile; fileRef = 90C47AE7273AB34000DF8AD3 /* GameRepository.swift */; };
		90C47AEA273AB56A00DF8AD3 /* GameReponse.swift in Sources */ = {isa = PBXBuildFile; fileRef = 90C47AE9273AB56A00DF8AD3 /* GameReponse.swift */; };
		90C47AEC273AB5AB00DF8AD3 /* PlatformResponse.swift in Sources */ = {isa = PBXBuildFile; fileRef = 90C47AEB273AB5AB00DF8AD3 /* PlatformResponse.swift */; };
		90C47AF0273AB61E00DF8AD3 /* GameModel.swift in Sources */ = {isa = PBXBuildFile; fileRef = 90C47AEF273AB61E00DF8AD3 /* GameModel.swift */; };
		90C47AF2273AB63100DF8AD3 /* BaseModel.swift in Sources */ = {isa = PBXBuildFile; fileRef = 90C47AF1273AB63100DF8AD3 /* BaseModel.swift */; };
		90C47AF4273AB63E00DF8AD3 /* PlatformModel.swift in Sources */ = {isa = PBXBuildFile; fileRef = 90C47AF3273AB63E00DF8AD3 /* PlatformModel.swift */; };
		90C47AF6273AB88300DF8AD3 /* Image+Extension.swift in Sources */ = {isa = PBXBuildFile; fileRef = 90C47AF5273AB88300DF8AD3 /* Image+Extension.swift */; };
		90C47AF8273AB90B00DF8AD3 /* Color+Extension.swift in Sources */ = {isa = PBXBuildFile; fileRef = 90C47AF7273AB90B00DF8AD3 /* Color+Extension.swift */; };
		90C47AFA273AB97E00DF8AD3 /* BasePlatformModel.swift in Sources */ = {isa = PBXBuildFile; fileRef = 90C47AF9273AB97E00DF8AD3 /* BasePlatformModel.swift */; };
		90C47AFC273AB98E00DF8AD3 /* BasePlatformResponse.swift in Sources */ = {isa = PBXBuildFile; fileRef = 90C47AFB273AB98E00DF8AD3 /* BasePlatformResponse.swift */; };
		90C47AFE273ABA9A00DF8AD3 /* GenreResponse.swift in Sources */ = {isa = PBXBuildFile; fileRef = 90C47AFD273ABA9A00DF8AD3 /* GenreResponse.swift */; };
		90C47B00273ABABA00DF8AD3 /* GenreModel.swift in Sources */ = {isa = PBXBuildFile; fileRef = 90C47AFF273ABABA00DF8AD3 /* GenreModel.swift */; };
		90C47B02273ABB1100DF8AD3 /* PublisherResponse.swift in Sources */ = {isa = PBXBuildFile; fileRef = 90C47B01273ABB1100DF8AD3 /* PublisherResponse.swift */; };
		90C47B04273ABB2900DF8AD3 /* PublisherModel.swift in Sources */ = {isa = PBXBuildFile; fileRef = 90C47B03273ABB2900DF8AD3 /* PublisherModel.swift */; };
		90C47B08273ABBFA00DF8AD3 /* GameMapper.swift in Sources */ = {isa = PBXBuildFile; fileRef = 90C47B07273ABBFA00DF8AD3 /* GameMapper.swift */; };
		90C47B0A273ABCA400DF8AD3 /* PublisherMapper.swift in Sources */ = {isa = PBXBuildFile; fileRef = 90C47B09273ABCA400DF8AD3 /* PublisherMapper.swift */; };
		90C47B0C273ABCBB00DF8AD3 /* PlatformMapper.swift in Sources */ = {isa = PBXBuildFile; fileRef = 90C47B0B273ABCBB00DF8AD3 /* PlatformMapper.swift */; };
		90C47B0E273ABCCB00DF8AD3 /* GenreMapper.swift in Sources */ = {isa = PBXBuildFile; fileRef = 90C47B0D273ABCCA00DF8AD3 /* GenreMapper.swift */; };
		90C47B10273AC1E400DF8AD3 /* BaseMapper.swift in Sources */ = {isa = PBXBuildFile; fileRef = 90C47B0F273AC1E400DF8AD3 /* BaseMapper.swift */; };
/* End PBXBuildFile section */

/* Begin PBXFileReference section */
		902883AE2736AB8100F98DED /* Clean Game.app */ = {isa = PBXFileReference; explicitFileType = wrapper.application; includeInIndex = 0; path = "Clean Game.app"; sourceTree = BUILT_PRODUCTS_DIR; };
		902883B12736AB8100F98DED /* AppDelegate.swift */ = {isa = PBXFileReference; lastKnownFileType = sourcecode.swift; path = AppDelegate.swift; sourceTree = "<group>"; };
		902883B32736AB8100F98DED /* SceneDelegate.swift */ = {isa = PBXFileReference; lastKnownFileType = sourcecode.swift; path = SceneDelegate.swift; sourceTree = "<group>"; };
		902883BA2736AB8300F98DED /* Assets.xcassets */ = {isa = PBXFileReference; lastKnownFileType = folder.assetcatalog; path = Assets.xcassets; sourceTree = "<group>"; };
		902883BD2736AB8300F98DED /* Base */ = {isa = PBXFileReference; lastKnownFileType = file.storyboard; name = Base; path = Base.lproj/LaunchScreen.storyboard; sourceTree = "<group>"; };
		902883BF2736AB8300F98DED /* Info.plist */ = {isa = PBXFileReference; lastKnownFileType = text.plist.xml; path = Info.plist; sourceTree = "<group>"; };
		902883CC2736B49100F98DED /* DetailGameContract.swift */ = {isa = PBXFileReference; lastKnownFileType = sourcecode.swift; path = DetailGameContract.swift; sourceTree = "<group>"; };
		902883CD2736B49100F98DED /* DetailGamePresenter.swift */ = {isa = PBXFileReference; lastKnownFileType = sourcecode.swift; path = DetailGamePresenter.swift; sourceTree = "<group>"; };
		902883CE2736B49100F98DED /* DetailGameRouter.swift */ = {isa = PBXFileReference; lastKnownFileType = sourcecode.swift; path = DetailGameRouter.swift; sourceTree = "<group>"; };
		902883CF2736B49100F98DED /* DetailGameViewController.swift */ = {isa = PBXFileReference; lastKnownFileType = sourcecode.swift; path = DetailGameViewController.swift; sourceTree = "<group>"; };
		902883D02736B49100F98DED /* DetailGameInteractor.swift */ = {isa = PBXFileReference; lastKnownFileType = sourcecode.swift; path = DetailGameInteractor.swift; sourceTree = "<group>"; };
		902883D62736B4AD00F98DED /* AboutContract.swift */ = {isa = PBXFileReference; lastKnownFileType = sourcecode.swift; path = AboutContract.swift; sourceTree = "<group>"; };
		902883D72736B4AD00F98DED /* AboutPresenter.swift */ = {isa = PBXFileReference; lastKnownFileType = sourcecode.swift; path = AboutPresenter.swift; sourceTree = "<group>"; };
		902883D82736B4AD00F98DED /* AboutRouter.swift */ = {isa = PBXFileReference; lastKnownFileType = sourcecode.swift; path = AboutRouter.swift; sourceTree = "<group>"; };
		902883D92736B4AD00F98DED /* AboutViewController.swift */ = {isa = PBXFileReference; lastKnownFileType = sourcecode.swift; path = AboutViewController.swift; sourceTree = "<group>"; };
		902883DA2736B4AD00F98DED /* AboutInteractor.swift */ = {isa = PBXFileReference; lastKnownFileType = sourcecode.swift; path = AboutInteractor.swift; sourceTree = "<group>"; };
		902883E02736B4BD00F98DED /* HomeContract.swift */ = {isa = PBXFileReference; lastKnownFileType = sourcecode.swift; path = HomeContract.swift; sourceTree = "<group>"; };
		902883E12736B4BD00F98DED /* HomePresenter.swift */ = {isa = PBXFileReference; lastKnownFileType = sourcecode.swift; path = HomePresenter.swift; sourceTree = "<group>"; };
		902883E22736B4BD00F98DED /* HomeRouter.swift */ = {isa = PBXFileReference; lastKnownFileType = sourcecode.swift; path = HomeRouter.swift; sourceTree = "<group>"; };
		902883E32736B4BD00F98DED /* HomeViewController.swift */ = {isa = PBXFileReference; lastKnownFileType = sourcecode.swift; path = HomeViewController.swift; sourceTree = "<group>"; };
		902883E42736B4BD00F98DED /* HomeInteractor.swift */ = {isa = PBXFileReference; lastKnownFileType = sourcecode.swift; path = HomeInteractor.swift; sourceTree = "<group>"; };
		902883EA2736B4E400F98DED /* FavoriteContract.swift */ = {isa = PBXFileReference; lastKnownFileType = sourcecode.swift; path = FavoriteContract.swift; sourceTree = "<group>"; };
		902883EB2736B4E400F98DED /* FavoritePresenter.swift */ = {isa = PBXFileReference; lastKnownFileType = sourcecode.swift; path = FavoritePresenter.swift; sourceTree = "<group>"; };
		902883EC2736B4E400F98DED /* FavoriteRouter.swift */ = {isa = PBXFileReference; lastKnownFileType = sourcecode.swift; path = FavoriteRouter.swift; sourceTree = "<group>"; };
		902883ED2736B4E400F98DED /* FavoriteViewController.swift */ = {isa = PBXFileReference; lastKnownFileType = sourcecode.swift; path = FavoriteViewController.swift; sourceTree = "<group>"; };
		902883EE2736B4E400F98DED /* FavoriteInteractor.swift */ = {isa = PBXFileReference; lastKnownFileType = sourcecode.swift; path = FavoriteInteractor.swift; sourceTree = "<group>"; };
		902883F92736BC0200F98DED /* ModuleInjection.swift */ = {isa = PBXFileReference; lastKnownFileType = sourcecode.swift; path = ModuleInjection.swift; sourceTree = "<group>"; };
		902883FB2736BF5B00F98DED /* EndpointProtocol.swift */ = {isa = PBXFileReference; lastKnownFileType = sourcecode.swift; path = EndpointProtocol.swift; sourceTree = "<group>"; };
		902883FD2736C03F00F98DED /* Endpoints.swift */ = {isa = PBXFileReference; lastKnownFileType = sourcecode.swift; path = Endpoints.swift; sourceTree = "<group>"; };
		902883FF2736C11900F98DED /* CleanGame-Info.plist */ = {isa = PBXFileReference; lastKnownFileType = text.plist.xml; path = "CleanGame-Info.plist"; sourceTree = "<group>"; };
		902884012736C17E00F98DED /* PListUtil.swift */ = {isa = PBXFileReference; lastKnownFileType = sourcecode.swift; path = PListUtil.swift; sourceTree = "<group>"; };
		902884042736C62D00F98DED /* DashboardContract.swift */ = {isa = PBXFileReference; lastKnownFileType = sourcecode.swift; path = DashboardContract.swift; sourceTree = "<group>"; };
		902884052736C62D00F98DED /* DashboardPresenter.swift */ = {isa = PBXFileReference; lastKnownFileType = sourcecode.swift; path = DashboardPresenter.swift; sourceTree = "<group>"; };
		902884062736C62D00F98DED /* DashboardRouter.swift */ = {isa = PBXFileReference; lastKnownFileType = sourcecode.swift; path = DashboardRouter.swift; sourceTree = "<group>"; };
		902884072736C62D00F98DED /* DashboardViewController.swift */ = {isa = PBXFileReference; lastKnownFileType = sourcecode.swift; path = DashboardViewController.swift; sourceTree = "<group>"; };
		902884082736C62D00F98DED /* DashboardInteractor.swift */ = {isa = PBXFileReference; lastKnownFileType = sourcecode.swift; path = DashboardInteractor.swift; sourceTree = "<group>"; };
		9087C1E1273982B60094254A /* RemoteDataSource.swift */ = {isa = PBXFileReference; lastKnownFileType = sourcecode.swift; path = RemoteDataSource.swift; sourceTree = "<group>"; };
		90C47ADC273AA50100DF8AD3 /* RemoteManager.swift */ = {isa = PBXFileReference; lastKnownFileType = sourcecode.swift; path = RemoteManager.swift; sourceTree = "<group>"; };
		90C47ADE273AA62D00DF8AD3 /* CustomError.swift */ = {isa = PBXFileReference; lastKnownFileType = sourcecode.swift; path = CustomError.swift; sourceTree = "<group>"; };
		90C47AE0273AA87F00DF8AD3 /* RemoteLogger.swift */ = {isa = PBXFileReference; lastKnownFileType = sourcecode.swift; path = RemoteLogger.swift; sourceTree = "<group>"; };
		90C47AE2273AAFFD00DF8AD3 /* Result.swift */ = {isa = PBXFileReference; lastKnownFileType = sourcecode.swift; path = Result.swift; sourceTree = "<group>"; };
		90C47AE4273AB08700DF8AD3 /* BaseResponse.swift */ = {isa = PBXFileReference; lastKnownFileType = sourcecode.swift; path = BaseResponse.swift; sourceTree = "<group>"; };
		90C47AE7273AB34000DF8AD3 /* GameRepository.swift */ = {isa = PBXFileReference; lastKnownFileType = sourcecode.swift; path = GameRepository.swift; sourceTree = "<group>"; };
		90C47AE9273AB56A00DF8AD3 /* GameReponse.swift */ = {isa = PBXFileReference; lastKnownFileType = sourcecode.swift; path = GameReponse.swift; sourceTree = "<group>"; };
		90C47AEB273AB5AB00DF8AD3 /* PlatformResponse.swift */ = {isa = PBXFileReference; lastKnownFileType = sourcecode.swift; path = PlatformResponse.swift; sourceTree = "<group>"; };
		90C47AEF273AB61E00DF8AD3 /* GameModel.swift */ = {isa = PBXFileReference; lastKnownFileType = sourcecode.swift; path = GameModel.swift; sourceTree = "<group>"; };
		90C47AF1273AB63100DF8AD3 /* BaseModel.swift */ = {isa = PBXFileReference; lastKnownFileType = sourcecode.swift; path = BaseModel.swift; sourceTree = "<group>"; };
		90C47AF3273AB63E00DF8AD3 /* PlatformModel.swift */ = {isa = PBXFileReference; lastKnownFileType = sourcecode.swift; path = PlatformModel.swift; sourceTree = "<group>"; };
		90C47AF5273AB88300DF8AD3 /* Image+Extension.swift */ = {isa = PBXFileReference; lastKnownFileType = sourcecode.swift; path = "Image+Extension.swift"; sourceTree = "<group>"; };
		90C47AF7273AB90B00DF8AD3 /* Color+Extension.swift */ = {isa = PBXFileReference; lastKnownFileType = sourcecode.swift; path = "Color+Extension.swift"; sourceTree = "<group>"; };
		90C47AF9273AB97E00DF8AD3 /* BasePlatformModel.swift */ = {isa = PBXFileReference; lastKnownFileType = sourcecode.swift; path = BasePlatformModel.swift; sourceTree = "<group>"; };
		90C47AFB273AB98E00DF8AD3 /* BasePlatformResponse.swift */ = {isa = PBXFileReference; lastKnownFileType = sourcecode.swift; path = BasePlatformResponse.swift; sourceTree = "<group>"; };
		90C47AFD273ABA9A00DF8AD3 /* GenreResponse.swift */ = {isa = PBXFileReference; lastKnownFileType = sourcecode.swift; path = GenreResponse.swift; sourceTree = "<group>"; };
		90C47AFF273ABABA00DF8AD3 /* GenreModel.swift */ = {isa = PBXFileReference; lastKnownFileType = sourcecode.swift; path = GenreModel.swift; sourceTree = "<group>"; };
		90C47B01273ABB1100DF8AD3 /* PublisherResponse.swift */ = {isa = PBXFileReference; lastKnownFileType = sourcecode.swift; path = PublisherResponse.swift; sourceTree = "<group>"; };
		90C47B03273ABB2900DF8AD3 /* PublisherModel.swift */ = {isa = PBXFileReference; lastKnownFileType = sourcecode.swift; path = PublisherModel.swift; sourceTree = "<group>"; };
		90C47B07273ABBFA00DF8AD3 /* GameMapper.swift */ = {isa = PBXFileReference; lastKnownFileType = sourcecode.swift; path = GameMapper.swift; sourceTree = "<group>"; };
		90C47B09273ABCA400DF8AD3 /* PublisherMapper.swift */ = {isa = PBXFileReference; lastKnownFileType = sourcecode.swift; path = PublisherMapper.swift; sourceTree = "<group>"; };
		90C47B0B273ABCBB00DF8AD3 /* PlatformMapper.swift */ = {isa = PBXFileReference; lastKnownFileType = sourcecode.swift; path = PlatformMapper.swift; sourceTree = "<group>"; };
		90C47B0D273ABCCA00DF8AD3 /* GenreMapper.swift */ = {isa = PBXFileReference; lastKnownFileType = sourcecode.swift; path = GenreMapper.swift; sourceTree = "<group>"; };
		90C47B0F273AC1E400DF8AD3 /* BaseMapper.swift */ = {isa = PBXFileReference; lastKnownFileType = sourcecode.swift; path = BaseMapper.swift; sourceTree = "<group>"; };
		9A46AF0EB06040A356306CF1 /* Pods-Clean Game.debug.xcconfig */ = {isa = PBXFileReference; includeInIndex = 1; lastKnownFileType = text.xcconfig; name = "Pods-Clean Game.debug.xcconfig"; path = "Target Support Files/Pods-Clean Game/Pods-Clean Game.debug.xcconfig"; sourceTree = "<group>"; };
		AC9A17BA6459E934893E8832 /* Pods_Clean_Game.framework */ = {isa = PBXFileReference; explicitFileType = wrapper.framework; includeInIndex = 0; path = Pods_Clean_Game.framework; sourceTree = BUILT_PRODUCTS_DIR; };
		C2EC1DE75166047A85233833 /* Pods-Clean Game.release.xcconfig */ = {isa = PBXFileReference; includeInIndex = 1; lastKnownFileType = text.xcconfig; name = "Pods-Clean Game.release.xcconfig"; path = "Target Support Files/Pods-Clean Game/Pods-Clean Game.release.xcconfig"; sourceTree = "<group>"; };
/* End PBXFileReference section */

/* Begin PBXFrameworksBuildPhase section */
		902883AB2736AB8100F98DED /* Frameworks */ = {
			isa = PBXFrameworksBuildPhase;
			buildActionMask = 2147483647;
			files = (
				768C4EB0C11EBA8F8DB45ADF /* Pods_Clean_Game.framework in Frameworks */,
			);
			runOnlyForDeploymentPostprocessing = 0;
		};
/* End PBXFrameworksBuildPhase section */

/* Begin PBXGroup section */
		775911DBDBC88C18FA200917 /* Frameworks */ = {
			isa = PBXGroup;
			children = (
				AC9A17BA6459E934893E8832 /* Pods_Clean_Game.framework */,
			);
			name = Frameworks;
			sourceTree = "<group>";
		};
		902883A52736AB8100F98DED = {
			isa = PBXGroup;
			children = (
				902883B02736AB8100F98DED /* Clean Game */,
				902883AF2736AB8100F98DED /* Products */,
				C563F44A75BD871F4E103073 /* Pods */,
				775911DBDBC88C18FA200917 /* Frameworks */,
			);
			sourceTree = "<group>";
		};
		902883AF2736AB8100F98DED /* Products */ = {
			isa = PBXGroup;
			children = (
				902883AE2736AB8100F98DED /* Clean Game.app */,
			);
			name = Products;
			sourceTree = "<group>";
		};
		902883B02736AB8100F98DED /* Clean Game */ = {
			isa = PBXGroup;
			children = (
				902883F52736B8FC00F98DED /* Core */,
				902883F42736B82F00F98DED /* Supporting Files */,
				902883C62736B2BF00F98DED /* App */,
				902883C52736B2B500F98DED /* Modules */,
			);
			path = "Clean Game";
			sourceTree = "<group>";
		};
		902883C52736B2B500F98DED /* Modules */ = {
			isa = PBXGroup;
			children = (
				902884032736C60C00F98DED /* Dashboard */,
				902883CB2736B31B00F98DED /* Detail */,
				902883CA2736B30300F98DED /* About */,
				902883C92736B2FA00F98DED /* Home */,
				902883C82736B2D500F98DED /* Favorite */,
			);
			path = Modules;
			sourceTree = "<group>";
		};
		902883C62736B2BF00F98DED /* App */ = {
			isa = PBXGroup;
			children = (
				902883B12736AB8100F98DED /* AppDelegate.swift */,
				902883B32736AB8100F98DED /* SceneDelegate.swift */,
			);
			path = App;
			sourceTree = "<group>";
		};
		902883C72736B2C700F98DED /* Util */ = {
			isa = PBXGroup;
			children = (
				90C47B06273ABBD700DF8AD3 /* Extension */,
				90C47B05273ABBCB00DF8AD3 /* Mapper */,
				902884012736C17E00F98DED /* PListUtil.swift */,
				90C47ADE273AA62D00DF8AD3 /* CustomError.swift */,
			);
			path = Util;
			sourceTree = "<group>";
		};
		902883C82736B2D500F98DED /* Favorite */ = {
			isa = PBXGroup;
			children = (
				902883EA2736B4E400F98DED /* FavoriteContract.swift */,
				902883EB2736B4E400F98DED /* FavoritePresenter.swift */,
				902883EC2736B4E400F98DED /* FavoriteRouter.swift */,
				902883ED2736B4E400F98DED /* FavoriteViewController.swift */,
				902883EE2736B4E400F98DED /* FavoriteInteractor.swift */,
			);
			path = Favorite;
			sourceTree = "<group>";
		};
		902883C92736B2FA00F98DED /* Home */ = {
			isa = PBXGroup;
			children = (
				902883E02736B4BD00F98DED /* HomeContract.swift */,
				902883E12736B4BD00F98DED /* HomePresenter.swift */,
				902883E22736B4BD00F98DED /* HomeRouter.swift */,
				902883E32736B4BD00F98DED /* HomeViewController.swift */,
				902883E42736B4BD00F98DED /* HomeInteractor.swift */,
			);
			path = Home;
			sourceTree = "<group>";
		};
		902883CA2736B30300F98DED /* About */ = {
			isa = PBXGroup;
			children = (
				902883D62736B4AD00F98DED /* AboutContract.swift */,
				902883D72736B4AD00F98DED /* AboutPresenter.swift */,
				902883D82736B4AD00F98DED /* AboutRouter.swift */,
				902883D92736B4AD00F98DED /* AboutViewController.swift */,
				902883DA2736B4AD00F98DED /* AboutInteractor.swift */,
			);
			path = About;
			sourceTree = "<group>";
		};
		902883CB2736B31B00F98DED /* Detail */ = {
			isa = PBXGroup;
			children = (
				902883CC2736B49100F98DED /* DetailGameContract.swift */,
				902883CD2736B49100F98DED /* DetailGamePresenter.swift */,
				902883CE2736B49100F98DED /* DetailGameRouter.swift */,
				902883CF2736B49100F98DED /* DetailGameViewController.swift */,
				902883D02736B49100F98DED /* DetailGameInteractor.swift */,
			);
			path = Detail;
			sourceTree = "<group>";
		};
		902883F42736B82F00F98DED /* Supporting Files */ = {
			isa = PBXGroup;
			children = (
				902883BA2736AB8300F98DED /* Assets.xcassets */,
				902883BC2736AB8300F98DED /* LaunchScreen.storyboard */,
				902883BF2736AB8300F98DED /* Info.plist */,
				902883FF2736C11900F98DED /* CleanGame-Info.plist */,
			);
			path = "Supporting Files";
			sourceTree = "<group>";
		};
		902883F52736B8FC00F98DED /* Core */ = {
			isa = PBXGroup;
			children = (
				90C47AED273AB5EC00DF8AD3 /* Domain */,
				9087C1E02739828E0094254A /* Data */,
				902883F82736BBF100F98DED /* DI */,
				902883F72736BB7500F98DED /* Networking */,
				902883C72736B2C700F98DED /* Util */,
			);
			path = Core;
			sourceTree = "<group>";
		};
		902883F72736BB7500F98DED /* Networking */ = {
			isa = PBXGroup;
			children = (
				902883FB2736BF5B00F98DED /* EndpointProtocol.swift */,
				902883FD2736C03F00F98DED /* Endpoints.swift */,
			);
			path = Networking;
			sourceTree = "<group>";
		};
		902883F82736BBF100F98DED /* DI */ = {
			isa = PBXGroup;
			children = (
				902883F92736BC0200F98DED /* ModuleInjection.swift */,
			);
			path = DI;
			sourceTree = "<group>";
		};
		902884032736C60C00F98DED /* Dashboard */ = {
			isa = PBXGroup;
			children = (
				902884042736C62D00F98DED /* DashboardContract.swift */,
				902884052736C62D00F98DED /* DashboardPresenter.swift */,
				902884062736C62D00F98DED /* DashboardRouter.swift */,
				902884072736C62D00F98DED /* DashboardViewController.swift */,
				902884082736C62D00F98DED /* DashboardInteractor.swift */,
			);
			path = Dashboard;
			sourceTree = "<group>";
		};
		9087C1E02739828E0094254A /* Data */ = {
			isa = PBXGroup;
			children = (
				9087C1E3273982BC0094254A /* Remote */,
			);
			path = Data;
			sourceTree = "<group>";
		};
		9087C1E3273982BC0094254A /* Remote */ = {
			isa = PBXGroup;
			children = (
				90C47AE6273AB2A100DF8AD3 /* Repository */,
				9087C1E4273982E10094254A /* Response */,
				9087C1E1273982B60094254A /* RemoteDataSource.swift */,
				90C47ADC273AA50100DF8AD3 /* RemoteManager.swift */,
				90C47AE0273AA87F00DF8AD3 /* RemoteLogger.swift */,
			);
			path = Remote;
			sourceTree = "<group>";
		};
		9087C1E4273982E10094254A /* Response */ = {
			isa = PBXGroup;
			children = (
				90C47AE2273AAFFD00DF8AD3 /* Result.swift */,
				90C47AE9273AB56A00DF8AD3 /* GameReponse.swift */,
				90C47AE4273AB08700DF8AD3 /* BaseResponse.swift */,
				90C47AEB273AB5AB00DF8AD3 /* PlatformResponse.swift */,
				90C47AFB273AB98E00DF8AD3 /* BasePlatformResponse.swift */,
				90C47AFD273ABA9A00DF8AD3 /* GenreResponse.swift */,
				90C47B01273ABB1100DF8AD3 /* PublisherResponse.swift */,
			);
			path = Response;
			sourceTree = "<group>";
		};
		90C47AE6273AB2A100DF8AD3 /* Repository */ = {
			isa = PBXGroup;
			children = (
				90C47AE7273AB34000DF8AD3 /* GameRepository.swift */,
			);
			path = Repository;
			sourceTree = "<group>";
		};
		90C47AED273AB5EC00DF8AD3 /* Domain */ = {
			isa = PBXGroup;
			children = (
				90C47AEE273AB5FC00DF8AD3 /* Model */,
			);
			path = Domain;
			sourceTree = "<group>";
		};
		90C47AEE273AB5FC00DF8AD3 /* Model */ = {
			isa = PBXGroup;
			children = (
				90C47AEF273AB61E00DF8AD3 /* GameModel.swift */,
				90C47AF1273AB63100DF8AD3 /* BaseModel.swift */,
				90C47AF3273AB63E00DF8AD3 /* PlatformModel.swift */,
				90C47AF9273AB97E00DF8AD3 /* BasePlatformModel.swift */,
				90C47AFF273ABABA00DF8AD3 /* GenreModel.swift */,
				90C47B03273ABB2900DF8AD3 /* PublisherModel.swift */,
			);
			path = Model;
			sourceTree = "<group>";
		};
		90C47B05273ABBCB00DF8AD3 /* Mapper */ = {
			isa = PBXGroup;
			children = (
				90C47B07273ABBFA00DF8AD3 /* GameMapper.swift */,
				90C47B09273ABCA400DF8AD3 /* PublisherMapper.swift */,
				90C47B0B273ABCBB00DF8AD3 /* PlatformMapper.swift */,
				90C47B0D273ABCCA00DF8AD3 /* GenreMapper.swift */,
				90C47B0F273AC1E400DF8AD3 /* BaseMapper.swift */,
			);
			path = Mapper;
			sourceTree = "<group>";
		};
		90C47B06273ABBD700DF8AD3 /* Extension */ = {
			isa = PBXGroup;
			children = (
				90C47AF5273AB88300DF8AD3 /* Image+Extension.swift */,
				90C47AF7273AB90B00DF8AD3 /* Color+Extension.swift */,
			);
			path = Extension;
			sourceTree = "<group>";
		};
		C563F44A75BD871F4E103073 /* Pods */ = {
			isa = PBXGroup;
			children = (
				9A46AF0EB06040A356306CF1 /* Pods-Clean Game.debug.xcconfig */,
				C2EC1DE75166047A85233833 /* Pods-Clean Game.release.xcconfig */,
			);
			path = Pods;
			sourceTree = "<group>";
		};
/* End PBXGroup section */

/* Begin PBXNativeTarget section */
		902883AD2736AB8100F98DED /* Clean Game */ = {
			isa = PBXNativeTarget;
			buildConfigurationList = 902883C22736AB8300F98DED /* Build configuration list for PBXNativeTarget "Clean Game" */;
			buildPhases = (
				57771EC0934F0E715F7EDD51 /* [CP] Check Pods Manifest.lock */,
				902883AA2736AB8100F98DED /* Sources */,
				902883AB2736AB8100F98DED /* Frameworks */,
				902883AC2736AB8100F98DED /* Resources */,
				E7293A0592F8031EFD0B38B3 /* [CP] Embed Pods Frameworks */,
			);
			buildRules = (
			);
			dependencies = (
			);
			name = "Clean Game";
			productName = "Clean Game";
			productReference = 902883AE2736AB8100F98DED /* Clean Game.app */;
			productType = "com.apple.product-type.application";
		};
/* End PBXNativeTarget section */

/* Begin PBXProject section */
		902883A62736AB8100F98DED /* Project object */ = {
			isa = PBXProject;
			attributes = {
				BuildIndependentTargetsInParallel = 1;
				LastSwiftUpdateCheck = 1310;
				LastUpgradeCheck = 1310;
				TargetAttributes = {
					902883AD2736AB8100F98DED = {
						CreatedOnToolsVersion = 13.1;
					};
				};
			};
			buildConfigurationList = 902883A92736AB8100F98DED /* Build configuration list for PBXProject "Clean Game" */;
			compatibilityVersion = "Xcode 13.0";
			developmentRegion = en;
			hasScannedForEncodings = 0;
			knownRegions = (
				en,
				Base,
			);
			mainGroup = 902883A52736AB8100F98DED;
			productRefGroup = 902883AF2736AB8100F98DED /* Products */;
			projectDirPath = "";
			projectRoot = "";
			targets = (
				902883AD2736AB8100F98DED /* Clean Game */,
			);
		};
/* End PBXProject section */

/* Begin PBXResourcesBuildPhase section */
		902883AC2736AB8100F98DED /* Resources */ = {
			isa = PBXResourcesBuildPhase;
			buildActionMask = 2147483647;
			files = (
				902883BE2736AB8300F98DED /* LaunchScreen.storyboard in Resources */,
				902883BB2736AB8300F98DED /* Assets.xcassets in Resources */,
				902884002736C11900F98DED /* CleanGame-Info.plist in Resources */,
			);
			runOnlyForDeploymentPostprocessing = 0;
		};
/* End PBXResourcesBuildPhase section */

/* Begin PBXShellScriptBuildPhase section */
		57771EC0934F0E715F7EDD51 /* [CP] Check Pods Manifest.lock */ = {
			isa = PBXShellScriptBuildPhase;
			buildActionMask = 2147483647;
			files = (
			);
			inputFileListPaths = (
			);
			inputPaths = (
				"${PODS_PODFILE_DIR_PATH}/Podfile.lock",
				"${PODS_ROOT}/Manifest.lock",
			);
			name = "[CP] Check Pods Manifest.lock";
			outputFileListPaths = (
			);
			outputPaths = (
				"$(DERIVED_FILE_DIR)/Pods-Clean Game-checkManifestLockResult.txt",
			);
			runOnlyForDeploymentPostprocessing = 0;
			shellPath = /bin/sh;
			shellScript = "diff \"${PODS_PODFILE_DIR_PATH}/Podfile.lock\" \"${PODS_ROOT}/Manifest.lock\" > /dev/null\nif [ $? != 0 ] ; then\n    # print error to STDERR\n    echo \"error: The sandbox is not in sync with the Podfile.lock. Run 'pod install' or update your CocoaPods installation.\" >&2\n    exit 1\nfi\n# This output is used by Xcode 'outputs' to avoid re-running this script phase.\necho \"SUCCESS\" > \"${SCRIPT_OUTPUT_FILE_0}\"\n";
			showEnvVarsInLog = 0;
		};
		E7293A0592F8031EFD0B38B3 /* [CP] Embed Pods Frameworks */ = {
			isa = PBXShellScriptBuildPhase;
			buildActionMask = 2147483647;
			files = (
			);
			inputFileListPaths = (
				"${PODS_ROOT}/Target Support Files/Pods-Clean Game/Pods-Clean Game-frameworks-${CONFIGURATION}-input-files.xcfilelist",
			);
			name = "[CP] Embed Pods Frameworks";
			outputFileListPaths = (
				"${PODS_ROOT}/Target Support Files/Pods-Clean Game/Pods-Clean Game-frameworks-${CONFIGURATION}-output-files.xcfilelist",
			);
			runOnlyForDeploymentPostprocessing = 0;
			shellPath = /bin/sh;
			shellScript = "\"${PODS_ROOT}/Target Support Files/Pods-Clean Game/Pods-Clean Game-frameworks.sh\"\n";
			showEnvVarsInLog = 0;
		};
/* End PBXShellScriptBuildPhase section */

/* Begin PBXSourcesBuildPhase section */
		902883AA2736AB8100F98DED /* Sources */ = {
			isa = PBXSourcesBuildPhase;
			buildActionMask = 2147483647;
			files = (
				90C47B04273ABB2900DF8AD3 /* PublisherModel.swift in Sources */,
				902883F22736B4E400F98DED /* FavoriteViewController.swift in Sources */,
				90C47AF8273AB90B00DF8AD3 /* Color+Extension.swift in Sources */,
				902883FA2736BC0200F98DED /* ModuleInjection.swift in Sources */,
				902883FE2736C03F00F98DED /* Endpoints.swift in Sources */,
				90C47B0C273ABCBB00DF8AD3 /* PlatformMapper.swift in Sources */,
				902883F32736B4E400F98DED /* FavoriteInteractor.swift in Sources */,
				902883FC2736BF5B00F98DED /* EndpointProtocol.swift in Sources */,
				90C47B0A273ABCA400DF8AD3 /* PublisherMapper.swift in Sources */,
				902883DB2736B4AD00F98DED /* AboutContract.swift in Sources */,
				902883D22736B49200F98DED /* DetailGamePresenter.swift in Sources */,
				90C47B00273ABABA00DF8AD3 /* GenreModel.swift in Sources */,
				9028840B2736C62D00F98DED /* DashboardRouter.swift in Sources */,
				90C47AE5273AB08700DF8AD3 /* BaseResponse.swift in Sources */,
				9087C1E2273982B60094254A /* RemoteDataSource.swift in Sources */,
				902883F02736B4E400F98DED /* FavoritePresenter.swift in Sources */,
				90C47AF6273AB88300DF8AD3 /* Image+Extension.swift in Sources */,
				902883DD2736B4AD00F98DED /* AboutRouter.swift in Sources */,
				90C47AFE273ABA9A00DF8AD3 /* GenreResponse.swift in Sources */,
				90C47B10273AC1E400DF8AD3 /* BaseMapper.swift in Sources */,
				902883E82736B4BD00F98DED /* HomeViewController.swift in Sources */,
				90C47AFA273AB97E00DF8AD3 /* BasePlatformModel.swift in Sources */,
				902883E62736B4BD00F98DED /* HomePresenter.swift in Sources */,
				902884022736C17E00F98DED /* PListUtil.swift in Sources */,
				902883E72736B4BD00F98DED /* HomeRouter.swift in Sources */,
				902883D42736B49200F98DED /* DetailGameViewController.swift in Sources */,
				902883B22736AB8100F98DED /* AppDelegate.swift in Sources */,
				902884092736C62D00F98DED /* DashboardContract.swift in Sources */,
				90C47AE3273AAFFD00DF8AD3 /* Result.swift in Sources */,
				902883DF2736B4AD00F98DED /* AboutInteractor.swift in Sources */,
				90C47AEC273AB5AB00DF8AD3 /* PlatformResponse.swift in Sources */,
				90C47B0E273ABCCB00DF8AD3 /* GenreMapper.swift in Sources */,
				90C47AF0273AB61E00DF8AD3 /* GameModel.swift in Sources */,
				90C47ADF273AA62D00DF8AD3 /* CustomError.swift in Sources */,
				902883DE2736B4AD00F98DED /* AboutViewController.swift in Sources */,
				902883D32736B49200F98DED /* DetailGameRouter.swift in Sources */,
				902883D52736B49200F98DED /* DetailGameInteractor.swift in Sources */,
				90C47AE1273AA87F00DF8AD3 /* RemoteLogger.swift in Sources */,
				90C47B02273ABB1100DF8AD3 /* PublisherResponse.swift in Sources */,
				90C47AFC273AB98E00DF8AD3 /* BasePlatformResponse.swift in Sources */,
				9028840A2736C62D00F98DED /* DashboardPresenter.swift in Sources */,
				9028840D2736C62D00F98DED /* DashboardInteractor.swift in Sources */,
				90C47AF2273AB63100DF8AD3 /* BaseModel.swift in Sources */,
				90C47ADD273AA50100DF8AD3 /* RemoteManager.swift in Sources */,
				902883E52736B4BD00F98DED /* HomeContract.swift in Sources */,
				90C47AF4273AB63E00DF8AD3 /* PlatformModel.swift in Sources */,
				90C47AEA273AB56A00DF8AD3 /* GameReponse.swift in Sources */,
				902883EF2736B4E400F98DED /* FavoriteContract.swift in Sources */,
				9028840C2736C62D00F98DED /* DashboardViewController.swift in Sources */,
				902883D12736B49200F98DED /* DetailGameContract.swift in Sources */,
				90C47B08273ABBFA00DF8AD3 /* GameMapper.swift in Sources */,
				902883E92736B4BD00F98DED /* HomeInteractor.swift in Sources */,
				902883DC2736B4AD00F98DED /* AboutPresenter.swift in Sources */,
				902883B42736AB8100F98DED /* SceneDelegate.swift in Sources */,
				902883F12736B4E400F98DED /* FavoriteRouter.swift in Sources */,
				90C47AE8273AB34000DF8AD3 /* GameRepository.swift in Sources */,
			);
			runOnlyForDeploymentPostprocessing = 0;
		};
/* End PBXSourcesBuildPhase section */

/* Begin PBXVariantGroup section */
		902883BC2736AB8300F98DED /* LaunchScreen.storyboard */ = {
			isa = PBXVariantGroup;
			children = (
				902883BD2736AB8300F98DED /* Base */,
			);
			name = LaunchScreen.storyboard;
			sourceTree = "<group>";
		};
/* End PBXVariantGroup section */

/* Begin XCBuildConfiguration section */
		902883C02736AB8300F98DED /* Debug */ = {
			isa = XCBuildConfiguration;
			buildSettings = {
				ALWAYS_SEARCH_USER_PATHS = NO;
				CLANG_ANALYZER_NONNULL = YES;
				CLANG_ANALYZER_NUMBER_OBJECT_CONVERSION = YES_AGGRESSIVE;
				CLANG_CXX_LANGUAGE_STANDARD = "gnu++17";
				CLANG_CXX_LIBRARY = "libc++";
				CLANG_ENABLE_MODULES = YES;
				CLANG_ENABLE_OBJC_ARC = YES;
				CLANG_ENABLE_OBJC_WEAK = YES;
				CLANG_WARN_BLOCK_CAPTURE_AUTORELEASING = YES;
				CLANG_WARN_BOOL_CONVERSION = YES;
				CLANG_WARN_COMMA = YES;
				CLANG_WARN_CONSTANT_CONVERSION = YES;
				CLANG_WARN_DEPRECATED_OBJC_IMPLEMENTATIONS = YES;
				CLANG_WARN_DIRECT_OBJC_ISA_USAGE = YES_ERROR;
				CLANG_WARN_DOCUMENTATION_COMMENTS = YES;
				CLANG_WARN_EMPTY_BODY = YES;
				CLANG_WARN_ENUM_CONVERSION = YES;
				CLANG_WARN_INFINITE_RECURSION = YES;
				CLANG_WARN_INT_CONVERSION = YES;
				CLANG_WARN_NON_LITERAL_NULL_CONVERSION = YES;
				CLANG_WARN_OBJC_IMPLICIT_RETAIN_SELF = YES;
				CLANG_WARN_OBJC_LITERAL_CONVERSION = YES;
				CLANG_WARN_OBJC_ROOT_CLASS = YES_ERROR;
				CLANG_WARN_QUOTED_INCLUDE_IN_FRAMEWORK_HEADER = YES;
				CLANG_WARN_RANGE_LOOP_ANALYSIS = YES;
				CLANG_WARN_STRICT_PROTOTYPES = YES;
				CLANG_WARN_SUSPICIOUS_MOVE = YES;
				CLANG_WARN_UNGUARDED_AVAILABILITY = YES_AGGRESSIVE;
				CLANG_WARN_UNREACHABLE_CODE = YES;
				CLANG_WARN__DUPLICATE_METHOD_MATCH = YES;
				COPY_PHASE_STRIP = NO;
				DEBUG_INFORMATION_FORMAT = dwarf;
				ENABLE_STRICT_OBJC_MSGSEND = YES;
				ENABLE_TESTABILITY = YES;
				GCC_C_LANGUAGE_STANDARD = gnu11;
				GCC_DYNAMIC_NO_PIC = NO;
				GCC_NO_COMMON_BLOCKS = YES;
				GCC_OPTIMIZATION_LEVEL = 0;
				GCC_PREPROCESSOR_DEFINITIONS = (
					"DEBUG=1",
					"$(inherited)",
				);
				GCC_WARN_64_TO_32_BIT_CONVERSION = YES;
				GCC_WARN_ABOUT_RETURN_TYPE = YES_ERROR;
				GCC_WARN_UNDECLARED_SELECTOR = YES;
				GCC_WARN_UNINITIALIZED_AUTOS = YES_AGGRESSIVE;
				GCC_WARN_UNUSED_FUNCTION = YES;
				GCC_WARN_UNUSED_VARIABLE = YES;
				IPHONEOS_DEPLOYMENT_TARGET = 14.1;
				MTL_ENABLE_DEBUG_INFO = INCLUDE_SOURCE;
				MTL_FAST_MATH = YES;
				ONLY_ACTIVE_ARCH = YES;
				SDKROOT = iphoneos;
				SWIFT_ACTIVE_COMPILATION_CONDITIONS = DEBUG;
				SWIFT_OPTIMIZATION_LEVEL = "-Onone";
			};
			name = Debug;
		};
		902883C12736AB8300F98DED /* Release */ = {
			isa = XCBuildConfiguration;
			buildSettings = {
				ALWAYS_SEARCH_USER_PATHS = NO;
				CLANG_ANALYZER_NONNULL = YES;
				CLANG_ANALYZER_NUMBER_OBJECT_CONVERSION = YES_AGGRESSIVE;
				CLANG_CXX_LANGUAGE_STANDARD = "gnu++17";
				CLANG_CXX_LIBRARY = "libc++";
				CLANG_ENABLE_MODULES = YES;
				CLANG_ENABLE_OBJC_ARC = YES;
				CLANG_ENABLE_OBJC_WEAK = YES;
				CLANG_WARN_BLOCK_CAPTURE_AUTORELEASING = YES;
				CLANG_WARN_BOOL_CONVERSION = YES;
				CLANG_WARN_COMMA = YES;
				CLANG_WARN_CONSTANT_CONVERSION = YES;
				CLANG_WARN_DEPRECATED_OBJC_IMPLEMENTATIONS = YES;
				CLANG_WARN_DIRECT_OBJC_ISA_USAGE = YES_ERROR;
				CLANG_WARN_DOCUMENTATION_COMMENTS = YES;
				CLANG_WARN_EMPTY_BODY = YES;
				CLANG_WARN_ENUM_CONVERSION = YES;
				CLANG_WARN_INFINITE_RECURSION = YES;
				CLANG_WARN_INT_CONVERSION = YES;
				CLANG_WARN_NON_LITERAL_NULL_CONVERSION = YES;
				CLANG_WARN_OBJC_IMPLICIT_RETAIN_SELF = YES;
				CLANG_WARN_OBJC_LITERAL_CONVERSION = YES;
				CLANG_WARN_OBJC_ROOT_CLASS = YES_ERROR;
				CLANG_WARN_QUOTED_INCLUDE_IN_FRAMEWORK_HEADER = YES;
				CLANG_WARN_RANGE_LOOP_ANALYSIS = YES;
				CLANG_WARN_STRICT_PROTOTYPES = YES;
				CLANG_WARN_SUSPICIOUS_MOVE = YES;
				CLANG_WARN_UNGUARDED_AVAILABILITY = YES_AGGRESSIVE;
				CLANG_WARN_UNREACHABLE_CODE = YES;
				CLANG_WARN__DUPLICATE_METHOD_MATCH = YES;
				COPY_PHASE_STRIP = NO;
				DEBUG_INFORMATION_FORMAT = "dwarf-with-dsym";
				ENABLE_NS_ASSERTIONS = NO;
				ENABLE_STRICT_OBJC_MSGSEND = YES;
				GCC_C_LANGUAGE_STANDARD = gnu11;
				GCC_NO_COMMON_BLOCKS = YES;
				GCC_WARN_64_TO_32_BIT_CONVERSION = YES;
				GCC_WARN_ABOUT_RETURN_TYPE = YES_ERROR;
				GCC_WARN_UNDECLARED_SELECTOR = YES;
				GCC_WARN_UNINITIALIZED_AUTOS = YES_AGGRESSIVE;
				GCC_WARN_UNUSED_FUNCTION = YES;
				GCC_WARN_UNUSED_VARIABLE = YES;
				IPHONEOS_DEPLOYMENT_TARGET = 14.1;
				MTL_ENABLE_DEBUG_INFO = NO;
				MTL_FAST_MATH = YES;
				SDKROOT = iphoneos;
				SWIFT_COMPILATION_MODE = wholemodule;
				SWIFT_OPTIMIZATION_LEVEL = "-O";
				VALIDATE_PRODUCT = YES;
			};
			name = Release;
		};
		902883C32736AB8300F98DED /* Debug */ = {
			isa = XCBuildConfiguration;
			baseConfigurationReference = 9A46AF0EB06040A356306CF1 /* Pods-Clean Game.debug.xcconfig */;
			buildSettings = {
				ASSETCATALOG_COMPILER_APPICON_NAME = AppIcon;
				ASSETCATALOG_COMPILER_GLOBAL_ACCENT_COLOR_NAME = AccentColor;
				CODE_SIGN_STYLE = Automatic;
				CURRENT_PROJECT_VERSION = 1;
				DEVELOPMENT_TEAM = L26CH9J4A9;
				GENERATE_INFOPLIST_FILE = YES;
				INFOPLIST_FILE = "Clean Game/Supporting Files/Info.plist";
				INFOPLIST_KEY_UIApplicationSupportsIndirectInputEvents = YES;
				INFOPLIST_KEY_UILaunchStoryboardName = LaunchScreen;
				INFOPLIST_KEY_UISupportedInterfaceOrientations = UIInterfaceOrientationPortrait;
				INFOPLIST_KEY_UISupportedInterfaceOrientations_iPad = "UIInterfaceOrientationPortrait UIInterfaceOrientationPortraitUpsideDown UIInterfaceOrientationLandscapeLeft UIInterfaceOrientationLandscapeRight";
				INFOPLIST_KEY_UISupportedInterfaceOrientations_iPhone = "UIInterfaceOrientationPortrait UIInterfaceOrientationLandscapeLeft UIInterfaceOrientationLandscapeRight";
				LD_RUNPATH_SEARCH_PATHS = (
					"$(inherited)",
					"@executable_path/Frameworks",
				);
				MARKETING_VERSION = 1.0;
				PRODUCT_BUNDLE_IDENTIFIER = "com.ydhstj.cleangame.Clean-Game";
				PRODUCT_NAME = "$(TARGET_NAME)";
				SWIFT_EMIT_LOC_STRINGS = YES;
				SWIFT_VERSION = 5.0;
				TARGETED_DEVICE_FAMILY = 1;
			};
			name = Debug;
		};
		902883C42736AB8300F98DED /* Release */ = {
			isa = XCBuildConfiguration;
			baseConfigurationReference = C2EC1DE75166047A85233833 /* Pods-Clean Game.release.xcconfig */;
			buildSettings = {
				ASSETCATALOG_COMPILER_APPICON_NAME = AppIcon;
				ASSETCATALOG_COMPILER_GLOBAL_ACCENT_COLOR_NAME = AccentColor;
				CODE_SIGN_STYLE = Automatic;
				CURRENT_PROJECT_VERSION = 1;
				DEVELOPMENT_TEAM = L26CH9J4A9;
				GENERATE_INFOPLIST_FILE = YES;
				INFOPLIST_FILE = "Clean Game/Supporting Files/Info.plist";
				INFOPLIST_KEY_UIApplicationSupportsIndirectInputEvents = YES;
				INFOPLIST_KEY_UILaunchStoryboardName = LaunchScreen;
				INFOPLIST_KEY_UISupportedInterfaceOrientations = UIInterfaceOrientationPortrait;
				INFOPLIST_KEY_UISupportedInterfaceOrientations_iPad = "UIInterfaceOrientationPortrait UIInterfaceOrientationPortraitUpsideDown UIInterfaceOrientationLandscapeLeft UIInterfaceOrientationLandscapeRight";
				INFOPLIST_KEY_UISupportedInterfaceOrientations_iPhone = "UIInterfaceOrientationPortrait UIInterfaceOrientationLandscapeLeft UIInterfaceOrientationLandscapeRight";
				LD_RUNPATH_SEARCH_PATHS = (
					"$(inherited)",
					"@executable_path/Frameworks",
				);
				MARKETING_VERSION = 1.0;
				PRODUCT_BUNDLE_IDENTIFIER = "com.ydhstj.cleangame.Clean-Game";
				PRODUCT_NAME = "$(TARGET_NAME)";
				SWIFT_EMIT_LOC_STRINGS = YES;
				SWIFT_VERSION = 5.0;
				TARGETED_DEVICE_FAMILY = 1;
			};
			name = Release;
		};
/* End XCBuildConfiguration section */

/* Begin XCConfigurationList section */
		902883A92736AB8100F98DED /* Build configuration list for PBXProject "Clean Game" */ = {
			isa = XCConfigurationList;
			buildConfigurations = (
				902883C02736AB8300F98DED /* Debug */,
				902883C12736AB8300F98DED /* Release */,
			);
			defaultConfigurationIsVisible = 0;
			defaultConfigurationName = Release;
		};
		902883C22736AB8300F98DED /* Build configuration list for PBXNativeTarget "Clean Game" */ = {
			isa = XCConfigurationList;
			buildConfigurations = (
				902883C32736AB8300F98DED /* Debug */,
				902883C42736AB8300F98DED /* Release */,
			);
			defaultConfigurationIsVisible = 0;
			defaultConfigurationName = Release;
		};
/* End XCConfigurationList section */
	};
	rootObject = 902883A62736AB8100F98DED /* Project object */;
}
